// !$*UTF8*$!
{
	archiveVersion = 1;
	classes = {
	};
	objectVersion = 56;
	objects = {

/* Begin PBXBuildFile section */
		187AFC572999C94E007E357F /* AppDelegate.m in Sources */ = {isa = PBXBuildFile; fileRef = 187AFC562999C94E007E357F /* AppDelegate.m */; };
		187AFC5A2999C94E007E357F /* SceneDelegate.m in Sources */ = {isa = PBXBuildFile; fileRef = 187AFC592999C94E007E357F /* SceneDelegate.m */; };
		187AFC5D2999C94E007E357F /* ViewController.m in Sources */ = {isa = PBXBuildFile; fileRef = 187AFC5C2999C94E007E357F /* ViewController.m */; };
		187AFC602999C94F007E357F /* Main.storyboard in Resources */ = {isa = PBXBuildFile; fileRef = 187AFC5E2999C94F007E357F /* Main.storyboard */; };
		187AFC622999C94F007E357F /* Assets.xcassets in Resources */ = {isa = PBXBuildFile; fileRef = 187AFC612999C94F007E357F /* Assets.xcassets */; };
		187AFC652999C94F007E357F /* LaunchScreen.storyboard in Resources */ = {isa = PBXBuildFile; fileRef = 187AFC632999C94F007E357F /* LaunchScreen.storyboard */; };
		187AFC682999C94F007E357F /* main.m in Sources */ = {isa = PBXBuildFile; fileRef = 187AFC672999C94F007E357F /* main.m */; };
		187AFC6F2999C986007E357F /* bpe.xcframework in Frameworks */ = {isa = PBXBuildFile; fileRef = 187AFC6E2999C986007E357F /* bpe.xcframework */; };
/* End PBXBuildFile section */

/* Begin PBXFileReference section */
		187AFC522999C94E007E357F /* SampleTokenizeApp.app */ = {isa = PBXFileReference; explicitFileType = wrapper.application; includeInIndex = 0; path = SampleTokenizeApp.app; sourceTree = BUILT_PRODUCTS_DIR; };
		187AFC552999C94E007E357F /* AppDelegate.h */ = {isa = PBXFileReference; lastKnownFileType = sourcecode.c.h; path = AppDelegate.h; sourceTree = "<group>"; };
		187AFC562999C94E007E357F /* AppDelegate.m */ = {isa = PBXFileReference; lastKnownFileType = sourcecode.c.objc; path = AppDelegate.m; sourceTree = "<group>"; };
		187AFC582999C94E007E357F /* SceneDelegate.h */ = {isa = PBXFileReference; lastKnownFileType = sourcecode.c.h; path = SceneDelegate.h; sourceTree = "<group>"; };
		187AFC592999C94E007E357F /* SceneDelegate.m */ = {isa = PBXFileReference; lastKnownFileType = sourcecode.c.objc; path = SceneDelegate.m; sourceTree = "<group>"; };
		187AFC5B2999C94E007E357F /* ViewController.h */ = {isa = PBXFileReference; lastKnownFileType = sourcecode.c.h; path = ViewController.h; sourceTree = "<group>"; };
		187AFC5C2999C94E007E357F /* ViewController.m */ = {isa = PBXFileReference; lastKnownFileType = sourcecode.c.objc; path = ViewController.m; sourceTree = "<group>"; };
		187AFC5F2999C94F007E357F /* Base */ = {isa = PBXFileReference; lastKnownFileType = file.storyboard; name = Base; path = Base.lproj/Main.storyboard; sourceTree = "<group>"; };
		187AFC612999C94F007E357F /* Assets.xcassets */ = {isa = PBXFileReference; lastKnownFileType = folder.assetcatalog; path = Assets.xcassets; sourceTree = "<group>"; };
		187AFC642999C94F007E357F /* Base */ = {isa = PBXFileReference; lastKnownFileType = file.storyboard; name = Base; path = Base.lproj/LaunchScreen.storyboard; sourceTree = "<group>"; };
		187AFC662999C94F007E357F /* Info.plist */ = {isa = PBXFileReference; lastKnownFileType = text.plist.xml; path = Info.plist; sourceTree = "<group>"; };
		187AFC672999C94F007E357F /* main.m */ = {isa = PBXFileReference; lastKnownFileType = sourcecode.c.objc; path = main.m; sourceTree = "<group>"; };
		187AFC6E2999C986007E357F /* bpe.xcframework */ = {isa = PBXFileReference; lastKnownFileType = wrapper.xcframework; name = bpe.xcframework; path = ../../build/bpe.xcframework; sourceTree = "<group>"; };
/* End PBXFileReference section */

/* Begin PBXFrameworksBuildPhase section */
		187AFC4F2999C94E007E357F /* Frameworks */ = {
			isa = PBXFrameworksBuildPhase;
			buildActionMask = 2147483647;
			files = (
				187AFC6F2999C986007E357F /* bpe.xcframework in Frameworks */,
			);
			runOnlyForDeploymentPostprocessing = 0;
		};
/* End PBXFrameworksBuildPhase section */

/* Begin PBXGroup section */
		187AFC492999C94E007E357F = {
			isa = PBXGroup;
			children = (
				187AFC542999C94E007E357F /* SampleTokenizeApp */,
				187AFC532999C94E007E357F /* Products */,
			);
			sourceTree = "<group>";
		};
		187AFC532999C94E007E357F /* Products */ = {
			isa = PBXGroup;
			children = (
				187AFC522999C94E007E357F /* SampleTokenizeApp.app */,
			);
			name = Products;
			sourceTree = "<group>";
		};
		187AFC542999C94E007E357F /* SampleTokenizeApp */ = {
			isa = PBXGroup;
			children = (
				187AFC552999C94E007E357F /* AppDelegate.h */,
				187AFC562999C94E007E357F /* AppDelegate.m */,
				187AFC582999C94E007E357F /* SceneDelegate.h */,
				187AFC592999C94E007E357F /* SceneDelegate.m */,
				187AFC5B2999C94E007E357F /* ViewController.h */,
				187AFC5C2999C94E007E357F /* ViewController.m */,
				187AFC5E2999C94F007E357F /* Main.storyboard */,
				187AFC612999C94F007E357F /* Assets.xcassets */,
				187AFC632999C94F007E357F /* LaunchScreen.storyboard */,
				187AFC662999C94F007E357F /* Info.plist */,
				187AFC672999C94F007E357F /* main.m */,
				187AFC6E2999C986007E357F /* bpe.xcframework */,
			);
			path = SampleTokenizeApp;
			sourceTree = "<group>";
		};
/* End PBXGroup section */

/* Begin PBXNativeTarget section */
		187AFC512999C94E007E357F /* SampleTokenizeApp */ = {
			isa = PBXNativeTarget;
			buildConfigurationList = 187AFC6B2999C94F007E357F /* Build configuration list for PBXNativeTarget "SampleTokenizeApp" */;
			buildPhases = (
				187AFC4E2999C94E007E357F /* Sources */,
				187AFC4F2999C94E007E357F /* Frameworks */,
				187AFC502999C94E007E357F /* Resources */,
			);
			buildRules = (
			);
			dependencies = (
			);
			name = SampleTokenizeApp;
			productName = SampleTokenizeApp;
			productReference = 187AFC522999C94E007E357F /* SampleTokenizeApp.app */;
			productType = "com.apple.product-type.application";
		};
/* End PBXNativeTarget section */

/* Begin PBXProject section */
		187AFC4A2999C94E007E357F /* Project object */ = {
			isa = PBXProject;
			attributes = {
				BuildIndependentTargetsInParallel = 1;
				LastUpgradeCheck = 1420;
				TargetAttributes = {
					187AFC512999C94E007E357F = {
						CreatedOnToolsVersion = 14.2;
					};
				};
			};
			buildConfigurationList = 187AFC4D2999C94E007E357F /* Build configuration list for PBXProject "SampleTokenizeApp" */;
			compatibilityVersion = "Xcode 14.0";
			developmentRegion = en;
			hasScannedForEncodings = 0;
			knownRegions = (
				en,
				Base,
			);
			mainGroup = 187AFC492999C94E007E357F;
			productRefGroup = 187AFC532999C94E007E357F /* Products */;
			projectDirPath = "";
			projectRoot = "";
			targets = (
				187AFC512999C94E007E357F /* SampleTokenizeApp */,
			);
		};
/* End PBXProject section */

/* Begin PBXResourcesBuildPhase section */
		187AFC502999C94E007E357F /* Resources */ = {
			isa = PBXResourcesBuildPhase;
			buildActionMask = 2147483647;
			files = (
				187AFC652999C94F007E357F /* LaunchScreen.storyboard in Resources */,
				187AFC622999C94F007E357F /* Assets.xcassets in Resources */,
				187AFC602999C94F007E357F /* Main.storyboard in Resources */,
			);
			runOnlyForDeploymentPostprocessing = 0;
		};
/* End PBXResourcesBuildPhase section */

/* Begin PBXSourcesBuildPhase section */
		187AFC4E2999C94E007E357F /* Sources */ = {
			isa = PBXSourcesBuildPhase;
			buildActionMask = 2147483647;
			files = (
				187AFC5D2999C94E007E357F /* ViewController.m in Sources */,
				187AFC572999C94E007E357F /* AppDelegate.m in Sources */,
				187AFC682999C94F007E357F /* main.m in Sources */,
				187AFC5A2999C94E007E357F /* SceneDelegate.m in Sources */,
			);
			runOnlyForDeploymentPostprocessing = 0;
		};
/* End PBXSourcesBuildPhase section */

/* Begin PBXVariantGroup section */
		187AFC5E2999C94F007E357F /* Main.storyboard */ = {
			isa = PBXVariantGroup;
			children = (
				187AFC5F2999C94F007E357F /* Base */,
			);
			name = Main.storyboard;
			sourceTree = "<group>";
		};
		187AFC632999C94F007E357F /* LaunchScreen.storyboard */ = {
			isa = PBXVariantGroup;
			children = (
				187AFC642999C94F007E357F /* Base */,
			);
			name = LaunchScreen.storyboard;
			sourceTree = "<group>";
		};
/* End PBXVariantGroup section */

/* Begin XCBuildConfiguration section */
		187AFC692999C94F007E357F /* Debug */ = {
			isa = XCBuildConfiguration;
			buildSettings = {
				ALWAYS_SEARCH_USER_PATHS = NO;
				CLANG_ANALYZER_NONNULL = YES;
				CLANG_ANALYZER_NUMBER_OBJECT_CONVERSION = YES_AGGRESSIVE;
				CLANG_CXX_LANGUAGE_STANDARD = "gnu++20";
				CLANG_ENABLE_MODULES = YES;
				CLANG_ENABLE_OBJC_ARC = YES;
				CLANG_ENABLE_OBJC_WEAK = YES;
				CLANG_WARN_BLOCK_CAPTURE_AUTORELEASING = YES;
				CLANG_WARN_BOOL_CONVERSION = YES;
				CLANG_WARN_COMMA = YES;
				CLANG_WARN_CONSTANT_CONVERSION = YES;
				CLANG_WARN_DEPRECATED_OBJC_IMPLEMENTATIONS = YES;
				CLANG_WARN_DIRECT_OBJC_ISA_USAGE = YES_ERROR;
				CLANG_WARN_DOCUMENTATION_COMMENTS = YES;
				CLANG_WARN_EMPTY_BODY = YES;
				CLANG_WARN_ENUM_CONVERSION = YES;
				CLANG_WARN_INFINITE_RECURSION = YES;
				CLANG_WARN_INT_CONVERSION = YES;
				CLANG_WARN_NON_LITERAL_NULL_CONVERSION = YES;
				CLANG_WARN_OBJC_IMPLICIT_RETAIN_SELF = YES;
				CLANG_WARN_OBJC_LITERAL_CONVERSION = YES;
				CLANG_WARN_OBJC_ROOT_CLASS = YES_ERROR;
				CLANG_WARN_QUOTED_INCLUDE_IN_FRAMEWORK_HEADER = YES;
				CLANG_WARN_RANGE_LOOP_ANALYSIS = YES;
				CLANG_WARN_STRICT_PROTOTYPES = YES;
				CLANG_WARN_SUSPICIOUS_MOVE = YES;
				CLANG_WARN_UNGUARDED_AVAILABILITY = YES_AGGRESSIVE;
				CLANG_WARN_UNREACHABLE_CODE = YES;
				CLANG_WARN__DUPLICATE_METHOD_MATCH = YES;
				COPY_PHASE_STRIP = NO;
				DEBUG_INFORMATION_FORMAT = dwarf;
				ENABLE_STRICT_OBJC_MSGSEND = YES;
				ENABLE_TESTABILITY = YES;
				GCC_C_LANGUAGE_STANDARD = gnu11;
				GCC_DYNAMIC_NO_PIC = NO;
				GCC_NO_COMMON_BLOCKS = YES;
				GCC_OPTIMIZATION_LEVEL = 0;
				GCC_PREPROCESSOR_DEFINITIONS = (
					"DEBUG=1",
					"$(inherited)",
				);
				GCC_WARN_64_TO_32_BIT_CONVERSION = YES;
				GCC_WARN_ABOUT_RETURN_TYPE = YES_ERROR;
				GCC_WARN_UNDECLARED_SELECTOR = YES;
				GCC_WARN_UNINITIALIZED_AUTOS = YES_AGGRESSIVE;
				GCC_WARN_UNUSED_FUNCTION = YES;
				GCC_WARN_UNUSED_VARIABLE = YES;
				IPHONEOS_DEPLOYMENT_TARGET = 16.2;
				MTL_ENABLE_DEBUG_INFO = INCLUDE_SOURCE;
				MTL_FAST_MATH = YES;
				ONLY_ACTIVE_ARCH = YES;
				SDKROOT = iphoneos;
			};
			name = Debug;
		};
		187AFC6A2999C94F007E357F /* Release */ = {
			isa = XCBuildConfiguration;
			buildSettings = {
				ALWAYS_SEARCH_USER_PATHS = NO;
				CLANG_ANALYZER_NONNULL = YES;
				CLANG_ANALYZER_NUMBER_OBJECT_CONVERSION = YES_AGGRESSIVE;
				CLANG_CXX_LANGUAGE_STANDARD = "gnu++20";
				CLANG_ENABLE_MODULES = YES;
				CLANG_ENABLE_OBJC_ARC = YES;
				CLANG_ENABLE_OBJC_WEAK = YES;
				CLANG_WARN_BLOCK_CAPTURE_AUTORELEASING = YES;
				CLANG_WARN_BOOL_CONVERSION = YES;
				CLANG_WARN_COMMA = YES;
				CLANG_WARN_CONSTANT_CONVERSION = YES;
				CLANG_WARN_DEPRECATED_OBJC_IMPLEMENTATIONS = YES;
				CLANG_WARN_DIRECT_OBJC_ISA_USAGE = YES_ERROR;
				CLANG_WARN_DOCUMENTATION_COMMENTS = YES;
				CLANG_WARN_EMPTY_BODY = YES;
				CLANG_WARN_ENUM_CONVERSION = YES;
				CLANG_WARN_INFINITE_RECURSION = YES;
				CLANG_WARN_INT_CONVERSION = YES;
				CLANG_WARN_NON_LITERAL_NULL_CONVERSION = YES;
				CLANG_WARN_OBJC_IMPLICIT_RETAIN_SELF = YES;
				CLANG_WARN_OBJC_LITERAL_CONVERSION = YES;
				CLANG_WARN_OBJC_ROOT_CLASS = YES_ERROR;
				CLANG_WARN_QUOTED_INCLUDE_IN_FRAMEWORK_HEADER = YES;
				CLANG_WARN_RANGE_LOOP_ANALYSIS = YES;
				CLANG_WARN_STRICT_PROTOTYPES = YES;
				CLANG_WARN_SUSPICIOUS_MOVE = YES;
				CLANG_WARN_UNGUARDED_AVAILABILITY = YES_AGGRESSIVE;
				CLANG_WARN_UNREACHABLE_CODE = YES;
				CLANG_WARN__DUPLICATE_METHOD_MATCH = YES;
				COPY_PHASE_STRIP = NO;
				DEBUG_INFORMATION_FORMAT = "dwarf-with-dsym";
				ENABLE_NS_ASSERTIONS = NO;
				ENABLE_STRICT_OBJC_MSGSEND = YES;
				GCC_C_LANGUAGE_STANDARD = gnu11;
				GCC_NO_COMMON_BLOCKS = YES;
				GCC_WARN_64_TO_32_BIT_CONVERSION = YES;
				GCC_WARN_ABOUT_RETURN_TYPE = YES_ERROR;
				GCC_WARN_UNDECLARED_SELECTOR = YES;
				GCC_WARN_UNINITIALIZED_AUTOS = YES_AGGRESSIVE;
				GCC_WARN_UNUSED_FUNCTION = YES;
				GCC_WARN_UNUSED_VARIABLE = YES;
				IPHONEOS_DEPLOYMENT_TARGET = 16.2;
				MTL_ENABLE_DEBUG_INFO = NO;
				MTL_FAST_MATH = YES;
				SDKROOT = iphoneos;
				VALIDATE_PRODUCT = YES;
			};
			name = Release;
		};
		187AFC6C2999C94F007E357F /* Debug */ = {
			isa = XCBuildConfiguration;
			buildSettings = {
				ASSETCATALOG_COMPILER_APPICON_NAME = AppIcon;
				ASSETCATALOG_COMPILER_GLOBAL_ACCENT_COLOR_NAME = AccentColor;
				CODE_SIGN_STYLE = Automatic;
				CURRENT_PROJECT_VERSION = 1;
				DEVELOPMENT_TEAM = ET66P5RYW9;
				GENERATE_INFOPLIST_FILE = YES;
				INFOPLIST_FILE = SampleTokenizeApp/Info.plist;
				INFOPLIST_KEY_UIApplicationSupportsIndirectInputEvents = YES;
				INFOPLIST_KEY_UILaunchStoryboardName = LaunchScreen;
				INFOPLIST_KEY_UIMainStoryboardFile = Main;
				INFOPLIST_KEY_UISupportedInterfaceOrientations_iPad = "UIInterfaceOrientationPortrait UIInterfaceOrientationPortraitUpsideDown UIInterfaceOrientationLandscapeLeft UIInterfaceOrientationLandscapeRight";
				INFOPLIST_KEY_UISupportedInterfaceOrientations_iPhone = "UIInterfaceOrientationPortrait UIInterfaceOrientationLandscapeLeft UIInterfaceOrientationLandscapeRight";
				LD_RUNPATH_SEARCH_PATHS = (
					"$(inherited)",
					"@executable_path/Frameworks",
				);
				MARKETING_VERSION = 1.0;
				PRODUCT_BUNDLE_IDENTIFIER = org.wyi.SampleTokenizeApp;
				PRODUCT_NAME = "$(TARGET_NAME)";
				SWIFT_EMIT_LOC_STRINGS = YES;
				TARGETED_DEVICE_FAMILY = "1,2";
			};
			name = Debug;
		};
		187AFC6D2999C94F007E357F /* Release */ = {
			isa = XCBuildConfiguration;
			buildSettings = {
				ASSETCATALOG_COMPILER_APPICON_NAME = AppIcon;
				ASSETCATALOG_COMPILER_GLOBAL_ACCENT_COLOR_NAME = AccentColor;
				CODE_SIGN_STYLE = Automatic;
				CURRENT_PROJECT_VERSION = 1;
				DEVELOPMENT_TEAM = ET66P5RYW9;
				GENERATE_INFOPLIST_FILE = YES;
				INFOPLIST_FILE = SampleTokenizeApp/Info.plist;
				INFOPLIST_KEY_UIApplicationSupportsIndirectInputEvents = YES;
				INFOPLIST_KEY_UILaunchStoryboardName = LaunchScreen;
				INFOPLIST_KEY_UIMainStoryboardFile = Main;
				INFOPLIST_KEY_UISupportedInterfaceOrientations_iPad = "UIInterfaceOrientationPortrait UIInterfaceOrientationPortraitUpsideDown UIInterfaceOrientationLandscapeLeft UIInterfaceOrientationLandscapeRight";
				INFOPLIST_KEY_UISupportedInterfaceOrientations_iPhone = "UIInterfaceOrientationPortrait UIInterfaceOrientationLandscapeLeft UIInterfaceOrientationLandscapeRight";
				LD_RUNPATH_SEARCH_PATHS = (
					"$(inherited)",
					"@executable_path/Frameworks",
				);
				MARKETING_VERSION = 1.0;
				PRODUCT_BUNDLE_IDENTIFIER = org.wyi.SampleTokenizeApp;
				PRODUCT_NAME = "$(TARGET_NAME)";
				SWIFT_EMIT_LOC_STRINGS = YES;
				TARGETED_DEVICE_FAMILY = "1,2";
			};
			name = Release;
		};
/* End XCBuildConfiguration section */

/* Begin XCConfigurationList section */
		187AFC4D2999C94E007E357F /* Build configuration list for PBXProject "SampleTokenizeApp" */ = {
			isa = XCConfigurationList;
			buildConfigurations = (
				187AFC692999C94F007E357F /* Debug */,
				187AFC6A2999C94F007E357F /* Release */,
			);
			defaultConfigurationIsVisible = 0;
			defaultConfigurationName = Release;
		};
		187AFC6B2999C94F007E357F /* Build configuration list for PBXNativeTarget "SampleTokenizeApp" */ = {
			isa = XCConfigurationList;
			buildConfigurations = (
				187AFC6C2999C94F007E357F /* Debug */,
				187AFC6D2999C94F007E357F /* Release */,
			);
			defaultConfigurationIsVisible = 0;
			defaultConfigurationName = Release;
		};
/* End XCConfigurationList section */
	};
	rootObject = 187AFC4A2999C94E007E357F /* Project object */;
}
